
Microsoft Visual Studio Solution File, Format Version 12.00
# Visual Studio Version 17
VisualStudioVersion = 17.14.37411.7 d17.14
MinimumVisualStudioVersion = 10.0.40219.1
Project("{FAE04EC0-301F-11D3-BF4B-00C04F79EFBC}") = "Pizza_Builder", "Pizza_Builder\Pizza_Builder.csproj", "{288B8C58-7F35-4E0A-8013-C6301A9A68F7}"
EndProject
Project("{FAE04EC0-301F-11D3-BF4B-00C04F79EFBC}") = "Araba_Builder", "Araba_Builder\Araba_Builder.csproj", "{16EEFAFB-CF95-4FE5-82DE-31A3F57E892A}"
EndProject
Global
	GlobalSection(SolutionConfigurationPlatforms) = preSolution
		Debug|Any CPU = Debug|Any CPU
		Release|Any CPU = Release|Any CPU
	EndGlobalSection
	GlobalSection(ProjectConfigurationPlatforms) = postSolution
		{288B8C58-7F35-4E0A-8013-C6301A9A68F7}.Debug|Any CPU.ActiveCfg = Debug|Any CPU
		{288B8C58-7F35-4E0A-8013-C6301A9A68F7}.Debug|Any CPU.Build.0 = Debug|Any CPU
		{288B8C58-7F35-4E0A-8013-C6301A9A68F7}.Release|Any CPU.ActiveCfg = Release|Any CPU
		{288B8C58-7F35-4E0A-8013-C6301A9A68F7}.Release|Any CPU.Build.0 = Release|Any CPU
		{16EEFAFB-CF95-4FE5-82DE-31A3F57E892A}.Debug|Any CPU.ActiveCfg = Debug|Any CPU
		{16EEFAFB-CF95-4FE5-82DE-31A3F57E892A}.Debug|Any CPU.Build.0 = Debug|Any CPU
		{16EEFAFB-CF95-4FE5-82DE-31A3F57E892A}.Release|Any CPU.ActiveCfg = Release|Any CPU
		{16EEFAFB-CF95-4FE5-82DE-31A3F57E892A}.Release|Any CPU.Build.0 = Release|Any CPU
	EndGlobalSection
	GlobalSection(SolutionProperties) = preSolution
		HideSolutionNode = FALSE
	EndGlobalSection
	GlobalSection(ExtensibilityGlobals) = postSolution
		SolutionGuid = {A9E67D7D-3B4A-421A-98E4-F3C437CA8477}
	EndGlobalSection
EndGlobal
